{
  "version": 4,
  "terraform_version": "1.14.6",
  "serial": 1,
  "lineage": "90520858-ba1e-d95e-7fb1-79f528327c63",
  "outputs": {},
  "resources": [
    {
      "mode": "managed",
      "type": "local_file",
      "name": "devops_infrastructure",
      "provider": "provider[\"registry.terraform.io/hashicorp/local\"]",
      "instances": [
        {
          "schema_version": 0,
          "attributes": {
            "content": "Library Management System - DevOps Infrastructure Simulation\r\n\r\nApplication Name: Library Management System\r\nEnvironment: Local Development\r\nContainer Tool: Docker\r\nCI/CD Tool: GitHub Actions\r\nInfrastructure Tool: Terraform\r\n\r\nThis file is created by Terraform to simulate infrastructure setup for the DevOps project.\r\n",
            "content_base64": null,
            "content_base64sha256": "CDZq7OV6xzO7D+8DPhOTte2R0bTfHr9QoaBHdZ+NaKE=",
            "content_base64sha512": "330dWPauyOX4V90L0Dt4uIPYBy8hcJr4tXvjvOXXElTwWEgEhDFjNVZZYCMBi6hMtkH3IFLxR4aRbfw5Dg/Fjg==",
            "content_md5": "546fa380c5c75337fcca1977d27a0c1d",
            "content_sha1": "df1872dfad425070f9f886dc21b1ca2cc3b2e9b3",
            "content_sha256": "08366aece57ac733bb0fef033e1393b5ed91d1b4df1ebf50a1a047759f8d68a1",
            "content_sha512": "df7d1d58f6aec8e5f857dd0bd03b78b883d8072f21709af8b57be3bce5d71254f05848048431633556596023018ba84cb641f72052f14786916dfc390e0fc58e",
            "directory_permission": "0777",
            "file_permission": "0777",
            "filename": "./infrastructure-info.txt",
            "id": "df1872dfad425070f9f886dc21b1ca2cc3b2e9b3",
            "sensitive_content": null,
            "source": null
          },
          "sensitive_attributes": [
            [
              {
                "type": "get_attr",
                "value": "sensitive_content"
              }
            ]
          ],
          "identity_schema_version": 0
        }
      ]
    }
  ],
  "check_results": null
}
